
Microsoft Visual Studio Solution File, Format Version 12.00
# Visual Studio 15
VisualStudioVersion = 15.0.27004.2009
MinimumVisualStudioVersion = 10.0.40219.1
Project("{FAE04EC0-301F-11D3-BF4B-00C04F79EFBC}") = "BinaryConversionApplication", "BinaryConversionApplication\BinaryConversionApplication.csproj", "{245C8103-3FF1-4739-AC34-30A6E8909EA1}"
EndProject
Global
	GlobalSection(SolutionConfigurationPlatforms) = preSolution
		Debug|Any CPU = Debug|Any CPU
		Release|Any CPU = Release|Any CPU
	EndGlobalSection
	GlobalSection(ProjectConfigurationPlatforms) = postSolution
		{245C8103-3FF1-4739-AC34-30A6E8909EA1}.Debug|Any CPU.ActiveCfg = Debug|Any CPU
		{245C8103-3FF1-4739-AC34-30A6E8909EA1}.Debug|Any CPU.Build.0 = Debug|Any CPU
		{245C8103-3FF1-4739-AC34-30A6E8909EA1}.Release|Any CPU.ActiveCfg = Release|Any CPU
		{245C8103-3FF1-4739-AC34-30A6E8909EA1}.Release|Any CPU.Build.0 = Release|Any CPU
	EndGlobalSection
	GlobalSection(SolutionProperties) = preSolution
		HideSolutionNode = FALSE
	EndGlobalSection
	GlobalSection(ExtensibilityGlobals) = postSolution
		SolutionGuid = {C8F484C1-8F6D-46DC-B246-7057A947E961}
	EndGlobalSection
EndGlobal
